
Microsoft Visual Studio Solution File, Format Version 12.00
# Visual Studio Version 17
VisualStudioVersion = 17.13.35806.99 d17.13
MinimumVisualStudioVersion = 10.0.40219.1
Project("{FAE04EC0-301F-11D3-BF4B-00C04F79EFBC}") = "ConsoleApp19", "ConsoleApp19\ConsoleApp19.csproj", "{EA77AE85-3987-4BFA-9BD3-F74E66AC5C73}"
EndProject
Global
	GlobalSection(SolutionConfigurationPlatforms) = preSolution
		Debug|Any CPU = Debug|Any CPU
		Release|Any CPU = Release|Any CPU
	EndGlobalSection
	GlobalSection(ProjectConfigurationPlatforms) = postSolution
		{EA77AE85-3987-4BFA-9BD3-F74E66AC5C73}.Debug|Any CPU.ActiveCfg = Debug|Any CPU
		{EA77AE85-3987-4BFA-9BD3-F74E66AC5C73}.Debug|Any CPU.Build.0 = Debug|Any CPU
		{EA77AE85-3987-4BFA-9BD3-F74E66AC5C73}.Release|Any CPU.ActiveCfg = Release|Any CPU
		{EA77AE85-3987-4BFA-9BD3-F74E66AC5C73}.Release|Any CPU.Build.0 = Release|Any CPU
	EndGlobalSection
	GlobalSection(SolutionProperties) = preSolution
		HideSolutionNode = FALSE
	EndGlobalSection
	GlobalSection(ExtensibilityGlobals) = postSolution
		SolutionGuid = {90F3B214-51A8-4A00-B6FC-D4F5314D4425}
	EndGlobalSection
EndGlobal
